
Microsoft Visual Studio Solution File, Format Version 12.00
# Visual Studio Version 16
VisualStudioVersion = 16.0.30907.101
MinimumVisualStudioVersion = 10.0.40219.1
Project("{9A19103F-16F7-4668-BE54-9A1E7A4F7556}") = "Challenge.Infrastructure", "Challenge.Infrastructure\Challenge.Infrastructure.csproj", "{C5C435B2-6A3F-4750-B7A1-E7B903B0AB06}"
EndProject
Project("{9A19103F-16F7-4668-BE54-9A1E7A4F7556}") = "Challenge.Domain", "Challenge.Domain\Challenge.Domain.csproj", "{08E9F191-6AEF-4520-988F-57C3A00B852E}"
EndProject
Project("{9A19103F-16F7-4668-BE54-9A1E7A4F7556}") = "Challenge.Application", "Challenge.Application\Challenge.Application.csproj", "{C441607C-874D-43ED-86D5-0F0CB1A2AC91}"
EndProject
Project("{9A19103F-16F7-4668-BE54-9A1E7A4F7556}") = "Challenge.Api", "Challenge.Api\Challenge.Api.csproj", "{59276A41-B16C-43D9-90E0-F8B1ECC6474B}"
EndProject
Project("{FAE04EC0-301F-11D3-BF4B-00C04F79EFBC}") = "Challenge.Testing", "Challenge.Testing\Challenge.Testing.csproj", "{73CA01EB-5DC6-4BD2-B6B0-7135434CF6AB}"
EndProject
Global
	GlobalSection(SolutionConfigurationPlatforms) = preSolution
		Debug|Any CPU = Debug|Any CPU
		Release|Any CPU = Release|Any CPU
	EndGlobalSection
	GlobalSection(ProjectConfigurationPlatforms) = postSolution
		{C5C435B2-6A3F-4750-B7A1-E7B903B0AB06}.Debug|Any CPU.ActiveCfg = Debug|Any CPU
		{C5C435B2-6A3F-4750-B7A1-E7B903B0AB06}.Debug|Any CPU.Build.0 = Debug|Any CPU
		{C5C435B2-6A3F-4750-B7A1-E7B903B0AB06}.Release|Any CPU.ActiveCfg = Release|Any CPU
		{C5C435B2-6A3F-4750-B7A1-E7B903B0AB06}.Release|Any CPU.Build.0 = Release|Any CPU
		{08E9F191-6AEF-4520-988F-57C3A00B852E}.Debug|Any CPU.ActiveCfg = Debug|Any CPU
		{08E9F191-6AEF-4520-988F-57C3A00B852E}.Debug|Any CPU.Build.0 = Debug|Any CPU
		{08E9F191-6AEF-4520-988F-57C3A00B852E}.Release|Any CPU.ActiveCfg = Release|Any CPU
		{08E9F191-6AEF-4520-988F-57C3A00B852E}.Release|Any CPU.Build.0 = Release|Any CPU
		{C441607C-874D-43ED-86D5-0F0CB1A2AC91}.Debug|Any CPU.ActiveCfg = Debug|Any CPU
		{C441607C-874D-43ED-86D5-0F0CB1A2AC91}.Debug|Any CPU.Build.0 = Debug|Any CPU
		{C441607C-874D-43ED-86D5-0F0CB1A2AC91}.Release|Any CPU.ActiveCfg = Release|Any CPU
		{C441607C-874D-43ED-86D5-0F0CB1A2AC91}.Release|Any CPU.Build.0 = Release|Any CPU
		{59276A41-B16C-43D9-90E0-F8B1ECC6474B}.Debug|Any CPU.ActiveCfg = Debug|Any CPU
		{59276A41-B16C-43D9-90E0-F8B1ECC6474B}.Debug|Any CPU.Build.0 = Debug|Any CPU
		{59276A41-B16C-43D9-90E0-F8B1ECC6474B}.Release|Any CPU.ActiveCfg = Release|Any CPU
		{59276A41-B16C-43D9-90E0-F8B1ECC6474B}.Release|Any CPU.Build.0 = Release|Any CPU
		{73CA01EB-5DC6-4BD2-B6B0-7135434CF6AB}.Debug|Any CPU.ActiveCfg = Debug|Any CPU
		{73CA01EB-5DC6-4BD2-B6B0-7135434CF6AB}.Debug|Any CPU.Build.0 = Debug|Any CPU
		{73CA01EB-5DC6-4BD2-B6B0-7135434CF6AB}.Release|Any CPU.ActiveCfg = Release|Any CPU
		{73CA01EB-5DC6-4BD2-B6B0-7135434CF6AB}.Release|Any CPU.Build.0 = Release|Any CPU
	EndGlobalSection
	GlobalSection(SolutionProperties) = preSolution
		HideSolutionNode = FALSE
	EndGlobalSection
	GlobalSection(ExtensibilityGlobals) = postSolution
		SolutionGuid = {B41AE144-CFDD-40A8-85A4-EBEAA86102B0}
	EndGlobalSection
EndGlobal
